
Microsoft Visual Studio Solution File, Format Version 12.00
# Visual Studio Version 16
VisualStudioVersion = 16.0.30320.27
MinimumVisualStudioVersion = 10.0.40219.1
Project("{8BC9CEB8-8B4A-11D0-8D11-00A0C91BC942}") = "Ex2", "Ex2\Ex2.vcxproj", "{26A17768-2A26-46E8-B7B6-89B2C862315C}"
EndProject
Project("{8BC9CEB8-8B4A-11D0-8D11-00A0C91BC942}") = "Ex3", "Ex3\Ex3.vcxproj", "{F1FAC579-EA72-4DDB-A1FF-F9F49735F146}"
EndProject
Project("{8BC9CEB8-8B4A-11D0-8D11-00A0C91BC942}") = "Ex1", "Ex1\Ex1.vcxproj", "{FC472CC3-DE1C-45C4-BCDA-542B627104DD}"
EndProject
Global
	GlobalSection(SolutionConfigurationPlatforms) = preSolution
		Debug|x64 = Debug|x64
		Debug|x86 = Debug|x86
		Release|x64 = Release|x64
		Release|x86 = Release|x86
	EndGlobalSection
	GlobalSection(ProjectConfigurationPlatforms) = postSolution
		{26A17768-2A26-46E8-B7B6-89B2C862315C}.Debug|x64.ActiveCfg = Debug|x64
		{26A17768-2A26-46E8-B7B6-89B2C862315C}.Debug|x64.Build.0 = Debug|x64
		{26A17768-2A26-46E8-B7B6-89B2C862315C}.Debug|x86.ActiveCfg = Debug|Win32
		{26A17768-2A26-46E8-B7B6-89B2C862315C}.Debug|x86.Build.0 = Debug|Win32
		{26A17768-2A26-46E8-B7B6-89B2C862315C}.Release|x64.ActiveCfg = Release|x64
		{26A17768-2A26-46E8-B7B6-89B2C862315C}.Release|x64.Build.0 = Release|x64
		{26A17768-2A26-46E8-B7B6-89B2C862315C}.Release|x86.ActiveCfg = Release|Win32
		{26A17768-2A26-46E8-B7B6-89B2C862315C}.Release|x86.Build.0 = Release|Win32
		{F1FAC579-EA72-4DDB-A1FF-F9F49735F146}.Debug|x64.ActiveCfg = Debug|x64
		{F1FAC579-EA72-4DDB-A1FF-F9F49735F146}.Debug|x64.Build.0 = Debug|x64
		{F1FAC579-EA72-4DDB-A1FF-F9F49735F146}.Debug|x86.ActiveCfg = Debug|Win32
		{F1FAC579-EA72-4DDB-A1FF-F9F49735F146}.Debug|x86.Build.0 = Debug|Win32
		{F1FAC579-EA72-4DDB-A1FF-F9F49735F146}.Release|x64.ActiveCfg = Release|x64
		{F1FAC579-EA72-4DDB-A1FF-F9F49735F146}.Release|x64.Build.0 = Release|x64
		{F1FAC579-EA72-4DDB-A1FF-F9F49735F146}.Release|x86.ActiveCfg = Release|Win32
		{F1FAC579-EA72-4DDB-A1FF-F9F49735F146}.Release|x86.Build.0 = Release|Win32
		{FC472CC3-DE1C-45C4-BCDA-542B627104DD}.Debug|x64.ActiveCfg = Debug|x64
		{FC472CC3-DE1C-45C4-BCDA-542B627104DD}.Debug|x64.Build.0 = Debug|x64
		{FC472CC3-DE1C-45C4-BCDA-542B627104DD}.Debug|x86.ActiveCfg = Debug|Win32
		{FC472CC3-DE1C-45C4-BCDA-542B627104DD}.Debug|x86.Build.0 = Debug|Win32
		{FC472CC3-DE1C-45C4-BCDA-542B627104DD}.Release|x64.ActiveCfg = Release|x64
		{FC472CC3-DE1C-45C4-BCDA-542B627104DD}.Release|x64.Build.0 = Release|x64
		{FC472CC3-DE1C-45C4-BCDA-542B627104DD}.Release|x86.ActiveCfg = Release|Win32
		{FC472CC3-DE1C-45C4-BCDA-542B627104DD}.Release|x86.Build.0 = Release|Win32
	EndGlobalSection
	GlobalSection(SolutionProperties) = preSolution
		HideSolutionNode = FALSE
	EndGlobalSection
	GlobalSection(ExtensibilityGlobals) = postSolution
		SolutionGuid = {7AFF0FE0-CF69-4374-96E4-D390B9FCED5D}
	EndGlobalSection
EndGlobal
